
Microsoft Visual Studio Solution File, Format Version 12.00
# Visual Studio Version 17
VisualStudioVersion = 17.8.34525.116
MinimumVisualStudioVersion = 10.0.40219.1
Project("{FAE04EC0-301F-11D3-BF4B-00C04F79EFBC}") = "FitnessHubStays", "FitnessHubStays\FitnessHubStays.csproj", "{5D9BCA69-2CF6-42EB-9D93-CCFB4881DC2D}"
EndProject
Global
	GlobalSection(SolutionConfigurationPlatforms) = preSolution
		Debug|Any CPU = Debug|Any CPU
		Release|Any CPU = Release|Any CPU
	EndGlobalSection
	GlobalSection(ProjectConfigurationPlatforms) = postSolution
		{5D9BCA69-2CF6-42EB-9D93-CCFB4881DC2D}.Debug|Any CPU.ActiveCfg = Debug|Any CPU
		{5D9BCA69-2CF6-42EB-9D93-CCFB4881DC2D}.Debug|Any CPU.Build.0 = Debug|Any CPU
		{5D9BCA69-2CF6-42EB-9D93-CCFB4881DC2D}.Release|Any CPU.ActiveCfg = Release|Any CPU
		{5D9BCA69-2CF6-42EB-9D93-CCFB4881DC2D}.Release|Any CPU.Build.0 = Release|Any CPU
	EndGlobalSection
	GlobalSection(SolutionProperties) = preSolution
		HideSolutionNode = FALSE
	EndGlobalSection
	GlobalSection(ExtensibilityGlobals) = postSolution
		SolutionGuid = {C6F2CAB5-8B11-417D-A209-C8C04D5F51C0}
	EndGlobalSection
EndGlobal
